// !$*UTF8*$!
{
	archiveVersion = 1;
	classes = {
	};
	objectVersion = 46;
	objects = {

/* Begin PBXBuildFile section */
		DC99F6D91E4DE4260069107A /* AppDelegate.swift in Sources */ = {isa = PBXBuildFile; fileRef = DC99F6D81E4DE4260069107A /* AppDelegate.swift */; };
		DC99F6DE1E4DE4260069107A /* Main.storyboard in Resources */ = {isa = PBXBuildFile; fileRef = DC99F6DC1E4DE4260069107A /* Main.storyboard */; };
		DC99F6E01E4DE4260069107A /* Assets.xcassets in Resources */ = {isa = PBXBuildFile; fileRef = DC99F6DF1E4DE4260069107A /* Assets.xcassets */; };
		DC99F6E31E4DE4260069107A /* LaunchScreen.storyboard in Resources */ = {isa = PBXBuildFile; fileRef = DC99F6E11E4DE4260069107A /* LaunchScreen.storyboard */; };
		DC99F6EE1E4DE4260069107A /* NewsReaderTests.swift in Sources */ = {isa = PBXBuildFile; fileRef = DC99F6ED1E4DE4260069107A /* NewsReaderTests.swift */; };
		DC99F6F91E4DE4260069107A /* NewsReaderUITests.swift in Sources */ = {isa = PBXBuildFile; fileRef = DC99F6F81E4DE4260069107A /* NewsReaderUITests.swift */; };
		DC99F7071E4DE4AB0069107A /* TopicsTableViewController.swift in Sources */ = {isa = PBXBuildFile; fileRef = DC99F7061E4DE4AB0069107A /* TopicsTableViewController.swift */; };
		DC99F7091E4DE4E70069107A /* NewsViewController.swift in Sources */ = {isa = PBXBuildFile; fileRef = DC99F7081E4DE4E70069107A /* NewsViewController.swift */; };
		DC99F70B1E4DE5550069107A /* ContainerViewController.swift in Sources */ = {isa = PBXBuildFile; fileRef = DC99F70A1E4DE5550069107A /* ContainerViewController.swift */; };
		DC99F70D1E4DE5810069107A /* XMLParser.swift in Sources */ = {isa = PBXBuildFile; fileRef = DC99F70C1E4DE5810069107A /* XMLParser.swift */; };
/* End PBXBuildFile section */

/* Begin PBXContainerItemProxy section */
		DC99F6EA1E4DE4260069107A /* PBXContainerItemProxy */ = {
			isa = PBXContainerItemProxy;
			containerPortal = DC99F6CD1E4DE4250069107A /* Project object */;
			proxyType = 1;
			remoteGlobalIDString = DC99F6D41E4DE4250069107A;
			remoteInfo = NewsReader;
		};
		DC99F6F51E4DE4260069107A /* PBXContainerItemProxy */ = {
			isa = PBXContainerItemProxy;
			containerPortal = DC99F6CD1E4DE4250069107A /* Project object */;
			proxyType = 1;
			remoteGlobalIDString = DC99F6D41E4DE4250069107A;
			remoteInfo = NewsReader;
		};
/* End PBXContainerItemProxy section */

/* Begin PBXFileReference section */
		DC99F6D51E4DE4260069107A /* NewsReader.app */ = {isa = PBXFileReference; explicitFileType = wrapper.application; includeInIndex = 0; path = NewsReader.app; sourceTree = BUILT_PRODUCTS_DIR; };
		DC99F6D81E4DE4260069107A /* AppDelegate.swift */ = {isa = PBXFileReference; lastKnownFileType = sourcecode.swift; path = AppDelegate.swift; sourceTree = "<group>"; };
		DC99F6DD1E4DE4260069107A /* Base */ = {isa = PBXFileReference; lastKnownFileType = file.storyboard; name = Base; path = Base.lproj/Main.storyboard; sourceTree = "<group>"; };
		DC99F6DF1E4DE4260069107A /* Assets.xcassets */ = {isa = PBXFileReference; lastKnownFileType = folder.assetcatalog; path = Assets.xcassets; sourceTree = "<group>"; };
		DC99F6E21E4DE4260069107A /* Base */ = {isa = PBXFileReference; lastKnownFileType = file.storyboard; name = Base; path = Base.lproj/LaunchScreen.storyboard; sourceTree = "<group>"; };
		DC99F6E41E4DE4260069107A /* Info.plist */ = {isa = PBXFileReference; lastKnownFileType = text.plist.xml; path = Info.plist; sourceTree = "<group>"; };
		DC99F6E91E4DE4260069107A /* NewsReaderTests.xctest */ = {isa = PBXFileReference; explicitFileType = wrapper.cfbundle; includeInIndex = 0; path = NewsReaderTests.xctest; sourceTree = BUILT_PRODUCTS_DIR; };
		DC99F6ED1E4DE4260069107A /* NewsReaderTests.swift */ = {isa = PBXFileReference; lastKnownFileType = sourcecode.swift; path = NewsReaderTests.swift; sourceTree = "<group>"; };
		DC99F6EF1E4DE4260069107A /* Info.plist */ = {isa = PBXFileReference; lastKnownFileType = text.plist.xml; path = Info.plist; sourceTree = "<group>"; };
		DC99F6F41E4DE4260069107A /* NewsReaderUITests.xctest */ = {isa = PBXFileReference; explicitFileType = wrapper.cfbundle; includeInIndex = 0; path = NewsReaderUITests.xctest; sourceTree = BUILT_PRODUCTS_DIR; };
		DC99F6F81E4DE4260069107A /* NewsReaderUITests.swift */ = {isa = PBXFileReference; lastKnownFileType = sourcecode.swift; path = NewsReaderUITests.swift; sourceTree = "<group>"; };
		DC99F6FA1E4DE4260069107A /* Info.plist */ = {isa = PBXFileReference; lastKnownFileType = text.plist.xml; path = Info.plist; sourceTree = "<group>"; };
		DC99F7061E4DE4AB0069107A /* TopicsTableViewController.swift */ = {isa = PBXFileReference; fileEncoding = 4; lastKnownFileType = sourcecode.swift; path = TopicsTableViewController.swift; sourceTree = "<group>"; };
		DC99F7081E4DE4E70069107A /* NewsViewController.swift */ = {isa = PBXFileReference; fileEncoding = 4; lastKnownFileType = sourcecode.swift; path = NewsViewController.swift; sourceTree = "<group>"; };
		DC99F70A1E4DE5550069107A /* ContainerViewController.swift */ = {isa = PBXFileReference; fileEncoding = 4; lastKnownFileType = sourcecode.swift; path = ContainerViewController.swift; sourceTree = "<group>"; };
		DC99F70C1E4DE5810069107A /* XMLParser.swift */ = {isa = PBXFileReference; fileEncoding = 4; lastKnownFileType = sourcecode.swift; path = XMLParser.swift; sourceTree = "<group>"; };
/* End PBXFileReference section */

/* Begin PBXFrameworksBuildPhase section */
		DC99F6D21E4DE4250069107A /* Frameworks */ = {
			isa = PBXFrameworksBuildPhase;
			buildActionMask = 2147483647;
			files = (
			);
			runOnlyForDeploymentPostprocessing = 0;
		};
		DC99F6E61E4DE4260069107A /* Frameworks */ = {
			isa = PBXFrameworksBuildPhase;
			buildActionMask = 2147483647;
			files = (
			);
			runOnlyForDeploymentPostprocessing = 0;
		};
		DC99F6F11E4DE4260069107A /* Frameworks */ = {
			isa = PBXFrameworksBuildPhase;
			buildActionMask = 2147483647;
			files = (
			);
			runOnlyForDeploymentPostprocessing = 0;
		};
/* End PBXFrameworksBuildPhase section */

/* Begin PBXGroup section */
		DC99F6CC1E4DE4250069107A = {
			isa = PBXGroup;
			children = (
				DC99F6D71E4DE4260069107A /* NewsReader */,
				DC99F6EC1E4DE4260069107A /* NewsReaderTests */,
				DC99F6F71E4DE4260069107A /* NewsReaderUITests */,
				DC99F6D61E4DE4260069107A /* Products */,
			);
			sourceTree = "<group>";
		};
		DC99F6D61E4DE4260069107A /* Products */ = {
			isa = PBXGroup;
			children = (
				DC99F6D51E4DE4260069107A /* NewsReader.app */,
				DC99F6E91E4DE4260069107A /* NewsReaderTests.xctest */,
				DC99F6F41E4DE4260069107A /* NewsReaderUITests.xctest */,
			);
			name = Products;
			sourceTree = "<group>";
		};
		DC99F6D71E4DE4260069107A /* NewsReader */ = {
			isa = PBXGroup;
			children = (
				DC99F6D81E4DE4260069107A /* AppDelegate.swift */,
				DC99F6DC1E4DE4260069107A /* Main.storyboard */,
				DC99F6DF1E4DE4260069107A /* Assets.xcassets */,
				DC99F6E11E4DE4260069107A /* LaunchScreen.storyboard */,
				DC99F6E41E4DE4260069107A /* Info.plist */,
				DC99F7061E4DE4AB0069107A /* TopicsTableViewController.swift */,
				DC99F7081E4DE4E70069107A /* NewsViewController.swift */,
				DC99F70A1E4DE5550069107A /* ContainerViewController.swift */,
				DC99F70C1E4DE5810069107A /* XMLParser.swift */,
			);
			path = NewsReader;
			sourceTree = "<group>";
		};
		DC99F6EC1E4DE4260069107A /* NewsReaderTests */ = {
			isa = PBXGroup;
			children = (
				DC99F6ED1E4DE4260069107A /* NewsReaderTests.swift */,
				DC99F6EF1E4DE4260069107A /* Info.plist */,
			);
			path = NewsReaderTests;
			sourceTree = "<group>";
		};
		DC99F6F71E4DE4260069107A /* NewsReaderUITests */ = {
			isa = PBXGroup;
			children = (
				DC99F6F81E4DE4260069107A /* NewsReaderUITests.swift */,
				DC99F6FA1E4DE4260069107A /* Info.plist */,
			);
			path = NewsReaderUITests;
			sourceTree = "<group>";
		};
/* End PBXGroup section */

/* Begin PBXNativeTarget section */
		DC99F6D41E4DE4250069107A /* NewsReader */ = {
			isa = PBXNativeTarget;
			buildConfigurationList = DC99F6FD1E4DE4260069107A /* Build configuration list for PBXNativeTarget "NewsReader" */;
			buildPhases = (
				DC99F6D11E4DE4250069107A /* Sources */,
				DC99F6D21E4DE4250069107A /* Frameworks */,
				DC99F6D31E4DE4250069107A /* Resources */,
			);
			buildRules = (
			);
			dependencies = (
			);
			name = NewsReader;
			productName = NewsReader;
			productReference = DC99F6D51E4DE4260069107A /* NewsReader.app */;
			productType = "com.apple.product-type.application";
		};
		DC99F6E81E4DE4260069107A /* NewsReaderTests */ = {
			isa = PBXNativeTarget;
			buildConfigurationList = DC99F7001E4DE4260069107A /* Build configuration list for PBXNativeTarget "NewsReaderTests" */;
			buildPhases = (
				DC99F6E51E4DE4260069107A /* Sources */,
				DC99F6E61E4DE4260069107A /* Frameworks */,
				DC99F6E71E4DE4260069107A /* Resources */,
			);
			buildRules = (
			);
			dependencies = (
				DC99F6EB1E4DE4260069107A /* PBXTargetDependency */,
			);
			name = NewsReaderTests;
			productName = NewsReaderTests;
			productReference = DC99F6E91E4DE4260069107A /* NewsReaderTests.xctest */;
			productType = "com.apple.product-type.bundle.unit-test";
		};
		DC99F6F31E4DE4260069107A /* NewsReaderUITests */ = {
			isa = PBXNativeTarget;
			buildConfigurationList = DC99F7031E4DE4260069107A /* Build configuration list for PBXNativeTarget "NewsReaderUITests" */;
			buildPhases = (
				DC99F6F01E4DE4260069107A /* Sources */,
				DC99F6F11E4DE4260069107A /* Frameworks */,
				DC99F6F21E4DE4260069107A /* Resources */,
			);
			buildRules = (
			);
			dependencies = (
				DC99F6F61E4DE4260069107A /* PBXTargetDependency */,
			);
			name = NewsReaderUITests;
			productName = NewsReaderUITests;
			productReference = DC99F6F41E4DE4260069107A /* NewsReaderUITests.xctest */;
			productType = "com.apple.product-type.bundle.ui-testing";
		};
/* End PBXNativeTarget section */

/* Begin PBXProject section */
		DC99F6CD1E4DE4250069107A /* Project object */ = {
			isa = PBXProject;
			attributes = {
				LastSwiftUpdateCheck = 0820;
				LastUpgradeCheck = 0820;
				ORGANIZATIONNAME = "Korta Nyheter";
				TargetAttributes = {
					DC99F6D41E4DE4250069107A = {
						CreatedOnToolsVersion = 8.2.1;
						DevelopmentTeam = WJN9X36K24;
						ProvisioningStyle = Automatic;
					};
					DC99F6E81E4DE4260069107A = {
						CreatedOnToolsVersion = 8.2.1;
						DevelopmentTeam = WJN9X36K24;
						ProvisioningStyle = Automatic;
						TestTargetID = DC99F6D41E4DE4250069107A;
					};
					DC99F6F31E4DE4260069107A = {
						CreatedOnToolsVersion = 8.2.1;
						DevelopmentTeam = WJN9X36K24;
						ProvisioningStyle = Automatic;
						TestTargetID = DC99F6D41E4DE4250069107A;
					};
				};
			};
			buildConfigurationList = DC99F6D01E4DE4250069107A /* Build configuration list for PBXProject "NewsReader" */;
			compatibilityVersion = "Xcode 3.2";
			developmentRegion = English;
			hasScannedForEncodings = 0;
			knownRegions = (
				en,
				Base,
			);
			mainGroup = DC99F6CC1E4DE4250069107A;
			productRefGroup = DC99F6D61E4DE4260069107A /* Products */;
			projectDirPath = "";
			projectRoot = "";
			targets = (
				DC99F6D41E4DE4250069107A /* NewsReader */,
				DC99F6E81E4DE4260069107A /* NewsReaderTests */,
				DC99F6F31E4DE4260069107A /* NewsReaderUITests */,
			);
		};
/* End PBXProject section */

/* Begin PBXResourcesBuildPhase section */
		DC99F6D31E4DE4250069107A /* Resources */ = {
			isa = PBXResourcesBuildPhase;
			buildActionMask = 2147483647;
			files = (
				DC99F6E31E4DE4260069107A /* LaunchScreen.storyboard in Resources */,
				DC99F6E01E4DE4260069107A /* Assets.xcassets in Resources */,
				DC99F6DE1E4DE4260069107A /* Main.storyboard in Resources */,
			);
			runOnlyForDeploymentPostprocessing = 0;
		};
		DC99F6E71E4DE4260069107A /* Resources */ = {
			isa = PBXResourcesBuildPhase;
			buildActionMask = 2147483647;
			files = (
			);
			runOnlyForDeploymentPostprocessing = 0;
		};
		DC99F6F21E4DE4260069107A /* Resources */ = {
			isa = PBXResourcesBuildPhase;
			buildActionMask = 2147483647;
			files = (
			);
			runOnlyForDeploymentPostprocessing = 0;
		};
/* End PBXResourcesBuildPhase section */

/* Begin PBXSourcesBuildPhase section */
		DC99F6D11E4DE4250069107A /* Sources */ = {
			isa = PBXSourcesBuildPhase;
			buildActionMask = 2147483647;
			files = (
				DC99F7071E4DE4AB0069107A /* TopicsTableViewController.swift in Sources */,
				DC99F70D1E4DE5810069107A /* XMLParser.swift in Sources */,
				DC99F70B1E4DE5550069107A /* ContainerViewController.swift in Sources */,
				DC99F6D91E4DE4260069107A /* AppDelegate.swift in Sources */,
				DC99F7091E4DE4E70069107A /* NewsViewController.swift in Sources */,
			);
			runOnlyForDeploymentPostprocessing = 0;
		};
		DC99F6E51E4DE4260069107A /* Sources */ = {
			isa = PBXSourcesBuildPhase;
			buildActionMask = 2147483647;
			files = (
				DC99F6EE1E4DE4260069107A /* NewsReaderTests.swift in Sources */,
			);
			runOnlyForDeploymentPostprocessing = 0;
		};
		DC99F6F01E4DE4260069107A /* Sources */ = {
			isa = PBXSourcesBuildPhase;
			buildActionMask = 2147483647;
			files = (
				DC99F6F91E4DE4260069107A /* NewsReaderUITests.swift in Sources */,
			);
			runOnlyForDeploymentPostprocessing = 0;
		};
/* End PBXSourcesBuildPhase section */

/* Begin PBXTargetDependency section */
		DC99F6EB1E4DE4260069107A /* PBXTargetDependency */ = {
			isa = PBXTargetDependency;
			target = DC99F6D41E4DE4250069107A /* NewsReader */;
			targetProxy = DC99F6EA1E4DE4260069107A /* PBXContainerItemProxy */;
		};
		DC99F6F61E4DE4260069107A /* PBXTargetDependency */ = {
			isa = PBXTargetDependency;
			target = DC99F6D41E4DE4250069107A /* NewsReader */;
			targetProxy = DC99F6F51E4DE4260069107A /* PBXContainerItemProxy */;
		};
/* End PBXTargetDependency section */

/* Begin PBXVariantGroup section */
		DC99F6DC1E4DE4260069107A /* Main.storyboard */ = {
			isa = PBXVariantGroup;
			children = (
				DC99F6DD1E4DE4260069107A /* Base */,
			);
			name = Main.storyboard;
			sourceTree = "<group>";
		};
		DC99F6E11E4DE4260069107A /* LaunchScreen.storyboard */ = {
			isa = PBXVariantGroup;
			children = (
				DC99F6E21E4DE4260069107A /* Base */,
			);
			name = LaunchScreen.storyboard;
			sourceTree = "<group>";
		};
/* End PBXVariantGroup section */

/* Begin XCBuildConfiguration section */
		DC99F6FB1E4DE4260069107A /* Debug */ = {
			isa = XCBuildConfiguration;
			buildSettings = {
				ALWAYS_SEARCH_USER_PATHS = NO;
				CLANG_ANALYZER_NONNULL = YES;
				CLANG_CXX_LANGUAGE_STANDARD = "gnu++0x";
				CLANG_CXX_LIBRARY = "libc++";
				CLANG_ENABLE_MODULES = YES;
				CLANG_ENABLE_OBJC_ARC = YES;
				CLANG_WARN_BOOL_CONVERSION = YES;
				CLANG_WARN_CONSTANT_CONVERSION = YES;
				CLANG_WARN_DIRECT_OBJC_ISA_USAGE = YES_ERROR;
				CLANG_WARN_DOCUMENTATION_COMMENTS = YES;
				CLANG_WARN_EMPTY_BODY = YES;
				CLANG_WARN_ENUM_CONVERSION = YES;
				CLANG_WARN_INFINITE_RECURSION = YES;
				CLANG_WARN_INT_CONVERSION = YES;
				CLANG_WARN_OBJC_ROOT_CLASS = YES_ERROR;
				CLANG_WARN_SUSPICIOUS_MOVE = YES;
				CLANG_WARN_UNREACHABLE_CODE = YES;
				CLANG_WARN__DUPLICATE_METHOD_MATCH = YES;
				"CODE_SIGN_IDENTITY[sdk=iphoneos*]" = "iPhone Developer";
				COPY_PHASE_STRIP = NO;
				DEBUG_INFORMATION_FORMAT = dwarf;
				ENABLE_STRICT_OBJC_MSGSEND = YES;
				ENABLE_TESTABILITY = YES;
				GCC_C_LANGUAGE_STANDARD = gnu99;
				GCC_DYNAMIC_NO_PIC = NO;
				GCC_NO_COMMON_BLOCKS = YES;
				GCC_OPTIMIZATION_LEVEL = 0;
				GCC_PREPROCESSOR_DEFINITIONS = (
					"DEBUG=1",
					"$(inherited)",
				);
				GCC_WARN_64_TO_32_BIT_CONVERSION = YES;
				GCC_WARN_ABOUT_RETURN_TYPE = YES_ERROR;
				GCC_WARN_UNDECLARED_SELECTOR = YES;
				GCC_WARN_UNINITIALIZED_AUTOS = YES_AGGRESSIVE;
				GCC_WARN_UNUSED_FUNCTION = YES;
				GCC_WARN_UNUSED_VARIABLE = YES;
				IPHONEOS_DEPLOYMENT_TARGET = 10.2;
				MTL_ENABLE_DEBUG_INFO = YES;
				ONLY_ACTIVE_ARCH = YES;
				SDKROOT = iphoneos;
				SWIFT_ACTIVE_COMPILATION_CONDITIONS = DEBUG;
				SWIFT_OPTIMIZATION_LEVEL = "-Onone";
			};
			name = Debug;
		};
		DC99F6FC1E4DE4260069107A /* Release */ = {
			isa = XCBuildConfiguration;
			buildSettings = {
				ALWAYS_SEARCH_USER_PATHS = NO;
				CLANG_ANALYZER_NONNULL = YES;
				CLANG_CXX_LANGUAGE_STANDARD = "gnu++0x";
				CLANG_CXX_LIBRARY = "libc++";
				CLANG_ENABLE_MODULES = YES;
				CLANG_ENABLE_OBJC_ARC = YES;
				CLANG_WARN_BOOL_CONVERSION = YES;
				CLANG_WARN_CONSTANT_CONVERSION = YES;
				CLANG_WARN_DIRECT_OBJC_ISA_USAGE = YES_ERROR;
				CLANG_WARN_DOCUMENTATION_COMMENTS = YES;
				CLANG_WARN_EMPTY_BODY = YES;
				CLANG_WARN_ENUM_CONVERSION = YES;
				CLANG_WARN_INFINITE_RECURSION = YES;
				CLANG_WARN_INT_CONVERSION = YES;
				CLANG_WARN_OBJC_ROOT_CLASS = YES_ERROR;
				CLANG_WARN_SUSPICIOUS_MOVE = YES;
				CLANG_WARN_UNREACHABLE_CODE = YES;
				CLANG_WARN__DUPLICATE_METHOD_MATCH = YES;
				"CODE_SIGN_IDENTITY[sdk=iphoneos*]" = "iPhone Developer";
				COPY_PHASE_STRIP = NO;
				DEBUG_INFORMATION_FORMAT = "dwarf-with-dsym";
				ENABLE_NS_ASSERTIONS = NO;
				ENABLE_STRICT_OBJC_MSGSEND = YES;
				GCC_C_LANGUAGE_STANDARD = gnu99;
				GCC_NO_COMMON_BLOCKS = YES;
				GCC_WARN_64_TO_32_BIT_CONVERSION = YES;
				GCC_WARN_ABOUT_RETURN_TYPE = YES_ERROR;
				GCC_WARN_UNDECLARED_SELECTOR = YES;
				GCC_WARN_UNINITIALIZED_AUTOS = YES_AGGRESSIVE;
				GCC_WARN_UNUSED_FUNCTION = YES;
				GCC_WARN_UNUSED_VARIABLE = YES;
				IPHONEOS_DEPLOYMENT_TARGET = 10.2;
				MTL_ENABLE_DEBUG_INFO = NO;
				SDKROOT = iphoneos;
				SWIFT_OPTIMIZATION_LEVEL = "-Owholemodule";
				VALIDATE_PRODUCT = YES;
			};
			name = Release;
		};
		DC99F6FE1E4DE4260069107A /* Debug */ = {
			isa = XCBuildConfiguration;
			buildSettings = {
				ASSETCATALOG_COMPILER_APPICON_NAME = AppIcon;
				DEVELOPMENT_TEAM = WJN9X36K24;
				INFOPLIST_FILE = NewsReader/Info.plist;
				LD_RUNPATH_SEARCH_PATHS = "$(inherited) @executable_path/Frameworks";
				PRODUCT_BUNDLE_IDENTIFIER = se.kortanyheter.NewsReader;
				PRODUCT_NAME = "$(TARGET_NAME)";
				SWIFT_VERSION = 3.0;
			};
			name = Debug;
		};
		DC99F6FF1E4DE4260069107A /* Release */ = {
			isa = XCBuildConfiguration;
			buildSettings = {
				ASSETCATALOG_COMPILER_APPICON_NAME = AppIcon;
				DEVELOPMENT_TEAM = WJN9X36K24;
				INFOPLIST_FILE = NewsReader/Info.plist;
				LD_RUNPATH_SEARCH_PATHS = "$(inherited) @executable_path/Frameworks";
				PRODUCT_BUNDLE_IDENTIFIER = se.kortanyheter.NewsReader;
				PRODUCT_NAME = "$(TARGET_NAME)";
				SWIFT_VERSION = 3.0;
			};
			name = Release;
		};
		DC99F7011E4DE4260069107A /* Debug */ = {
			isa = XCBuildConfiguration;
			buildSettings = {
				ALWAYS_EMBED_SWIFT_STANDARD_LIBRARIES = YES;
				BUNDLE_LOADER = "$(TEST_HOST)";
				DEVELOPMENT_TEAM = WJN9X36K24;
				INFOPLIST_FILE = NewsReaderTests/Info.plist;
				LD_RUNPATH_SEARCH_PATHS = "$(inherited) @executable_path/Frameworks @loader_path/Frameworks";
				PRODUCT_BUNDLE_IDENTIFIER = se.kortanyheter.NewsReaderTests;
				PRODUCT_NAME = "$(TARGET_NAME)";
				SWIFT_VERSION = 3.0;
				TEST_HOST = "$(BUILT_PRODUCTS_DIR)/NewsReader.app/NewsReader";
			};
			name = Debug;
		};
		DC99F7021E4DE4260069107A /* Release */ = {
			isa = XCBuildConfiguration;
			buildSettings = {
				ALWAYS_EMBED_SWIFT_STANDARD_LIBRARIES = YES;
				BUNDLE_LOADER = "$(TEST_HOST)";
				DEVELOPMENT_TEAM = WJN9X36K24;
				INFOPLIST_FILE = NewsReaderTests/Info.plist;
				LD_RUNPATH_SEARCH_PATHS = "$(inherited) @executable_path/Frameworks @loader_path/Frameworks";
				PRODUCT_BUNDLE_IDENTIFIER = se.kortanyheter.NewsReaderTests;
				PRODUCT_NAME = "$(TARGET_NAME)";
				SWIFT_VERSION = 3.0;
				TEST_HOST = "$(BUILT_PRODUCTS_DIR)/NewsReader.app/NewsReader";
			};
			name = Release;
		};
		DC99F7041E4DE4260069107A /* Debug */ = {
			isa = XCBuildConfiguration;
			buildSettings = {
				ALWAYS_EMBED_SWIFT_STANDARD_LIBRARIES = YES;
				DEVELOPMENT_TEAM = WJN9X36K24;
				INFOPLIST_FILE = NewsReaderUITests/Info.plist;
				LD_RUNPATH_SEARCH_PATHS = "$(inherited) @executable_path/Frameworks @loader_path/Frameworks";
				PRODUCT_BUNDLE_IDENTIFIER = se.kortanyheter.NewsReaderUITests;
				PRODUCT_NAME = "$(TARGET_NAME)";
				SWIFT_VERSION = 3.0;
				TEST_TARGET_NAME = NewsReader;
			};
			name = Debug;
		};
		DC99F7051E4DE4260069107A /* Release */ = {
			isa = XCBuildConfiguration;
			buildSettings = {
				ALWAYS_EMBED_SWIFT_STANDARD_LIBRARIES = YES;
				DEVELOPMENT_TEAM = WJN9X36K24;
				INFOPLIST_FILE = NewsReaderUITests/Info.plist;
				LD_RUNPATH_SEARCH_PATHS = "$(inherited) @executable_path/Frameworks @loader_path/Frameworks";
				PRODUCT_BUNDLE_IDENTIFIER = se.kortanyheter.NewsReaderUITests;
				PRODUCT_NAME = "$(TARGET_NAME)";
				SWIFT_VERSION = 3.0;
				TEST_TARGET_NAME = NewsReader;
			};
			name = Release;
		};
/* End XCBuildConfiguration section */

/* Begin XCConfigurationList section */
		DC99F6D01E4DE4250069107A /* Build configuration list for PBXProject "NewsReader" */ = {
			isa = XCConfigurationList;
			buildConfigurations = (
				DC99F6FB1E4DE4260069107A /* Debug */,
				DC99F6FC1E4DE4260069107A /* Release */,
			);
			defaultConfigurationIsVisible = 0;
			defaultConfigurationName = Release;
		};
		DC99F6FD1E4DE4260069107A /* Build configuration list for PBXNativeTarget "NewsReader" */ = {
			isa = XCConfigurationList;
			buildConfigurations = (
				DC99F6FE1E4DE4260069107A /* Debug */,
				DC99F6FF1E4DE4260069107A /* Release */,
			);
			defaultConfigurationIsVisible = 0;
		};
		DC99F7001E4DE4260069107A /* Build configuration list for PBXNativeTarget "NewsReaderTests" */ = {
			isa = XCConfigurationList;
			buildConfigurations = (
				DC99F7011E4DE4260069107A /* Debug */,
				DC99F7021E4DE4260069107A /* Release */,
			);
			defaultConfigurationIsVisible = 0;
		};
		DC99F7031E4DE4260069107A /* Build configuration list for PBXNativeTarget "NewsReaderUITests" */ = {
			isa = XCConfigurationList;
			buildConfigurations = (
				DC99F7041E4DE4260069107A /* Debug */,
				DC99F7051E4DE4260069107A /* Release */,
			);
			defaultConfigurationIsVisible = 0;
		};
/* End XCConfigurationList section */
	};
	rootObject = DC99F6CD1E4DE4250069107A /* Project object */;
}
